
Microsoft Visual Studio Solution File, Format Version 12.00
# Visual Studio Version 16
VisualStudioVersion = 16.0.30114.105
MinimumVisualStudioVersion = 10.0.40219.1
Project("{FAE04EC0-301F-11D3-BF4B-00C04F79EFBC}") = "FileArrangerForWpf", "FileArrangerForWpf\FileArrangerForWpf.csproj", "{67E574F8-D08D-4886-B514-77F02CF81C0F}"
EndProject
Project("{FAE04EC0-301F-11D3-BF4B-00C04F79EFBC}") = "FileArrangerForWpf.Tests", "Tests\FileArrangerForWpf.Tests\FileArrangerForWpf.Tests.csproj", "{DCB9237B-1103-4BA5-A16D-A4BDBCB9ACD9}"
EndProject
Global
	GlobalSection(SolutionConfigurationPlatforms) = preSolution
		Debug|x64 = Debug|x64
		Release|x64 = Release|x64
	EndGlobalSection
	GlobalSection(ProjectConfigurationPlatforms) = postSolution
		{67E574F8-D08D-4886-B514-77F02CF81C0F}.Debug|x64.ActiveCfg = Debug|x64
		{67E574F8-D08D-4886-B514-77F02CF81C0F}.Debug|x64.Build.0 = Debug|x64
		{67E574F8-D08D-4886-B514-77F02CF81C0F}.Release|x64.ActiveCfg = Release|x64
		{67E574F8-D08D-4886-B514-77F02CF81C0F}.Release|x64.Build.0 = Release|x64
		{DCB9237B-1103-4BA5-A16D-A4BDBCB9ACD9}.Debug|x64.ActiveCfg = Debug|x64
		{DCB9237B-1103-4BA5-A16D-A4BDBCB9ACD9}.Debug|x64.Build.0 = Debug|x64
		{DCB9237B-1103-4BA5-A16D-A4BDBCB9ACD9}.Release|x64.ActiveCfg = Release|x64
		{DCB9237B-1103-4BA5-A16D-A4BDBCB9ACD9}.Release|x64.Build.0 = Release|x64
	EndGlobalSection
	GlobalSection(SolutionProperties) = preSolution
		HideSolutionNode = FALSE
	EndGlobalSection
	GlobalSection(ExtensibilityGlobals) = postSolution
		SolutionGuid = {A9A4EBC4-F2A6-4C9B-BCDF-DBDE7F02069D}
	EndGlobalSection
EndGlobal
