
Microsoft Visual Studio Solution File, Format Version 12.00
# Visual Studio Version 16
VisualStudioVersion = 16.0.30114.105
MinimumVisualStudioVersion = 10.0.40219.1
Project("{FAE04EC0-301F-11D3-BF4B-00C04F79EFBC}") = "othello", "othello\othello.csproj", "{BE18360C-C7F8-4088-B89D-E81A1814795D}"
EndProject
Project("{FAE04EC0-301F-11D3-BF4B-00C04F79EFBC}") = "othello.Tests", "Tests\othello.Tests\othello.Tests.csproj", "{32E7538F-7344-4084-A843-6ACCC0928EE5}"
EndProject
Global
	GlobalSection(SolutionConfigurationPlatforms) = preSolution
		Debug|x64 = Debug|x64
		Release|x64 = Release|x64
	EndGlobalSection
	GlobalSection(ProjectConfigurationPlatforms) = postSolution
		{BE18360C-C7F8-4088-B89D-E81A1814795D}.Debug|x64.ActiveCfg = Debug|x64
		{BE18360C-C7F8-4088-B89D-E81A1814795D}.Debug|x64.Build.0 = Debug|x64
		{BE18360C-C7F8-4088-B89D-E81A1814795D}.Release|x64.ActiveCfg = Release|x64
		{BE18360C-C7F8-4088-B89D-E81A1814795D}.Release|x64.Build.0 = Release|x64
		{32E7538F-7344-4084-A843-6ACCC0928EE5}.Debug|x64.ActiveCfg = Debug|x64
		{32E7538F-7344-4084-A843-6ACCC0928EE5}.Debug|x64.Build.0 = Debug|x64
		{32E7538F-7344-4084-A843-6ACCC0928EE5}.Release|x64.ActiveCfg = Release|x64
		{32E7538F-7344-4084-A843-6ACCC0928EE5}.Release|x64.Build.0 = Release|x64
	EndGlobalSection
	GlobalSection(SolutionProperties) = preSolution
		HideSolutionNode = FALSE
	EndGlobalSection
	GlobalSection(ExtensibilityGlobals) = postSolution
		SolutionGuid = {342CDACD-BE22-46B6-B29F-3EC273AC254D}
	EndGlobalSection
EndGlobal
