
Microsoft Visual Studio Solution File, Format Version 12.00
# Visual Studio Version 16
VisualStudioVersion = 16.0.30114.105
MinimumVisualStudioVersion = 10.0.40219.1
Project("{FAE04EC0-301F-11D3-BF4B-00C04F79EFBC}") = "FFEdit", "FFEdit\FFEdit.csproj", "{EC0D20C2-00E0-4C17-A0B3-F2253AFAF2E9}"
EndProject
Project("{FAE04EC0-301F-11D3-BF4B-00C04F79EFBC}") = "FFEdit.Tests", "Tests\FFEdit.Tests\FFEdit.Tests.csproj", "{034E1E61-A5C4-44B7-A1F9-1FB4461D8E64}"
EndProject
Global
	GlobalSection(SolutionConfigurationPlatforms) = preSolution
		Debug|x64 = Debug|x64
		Release|x64 = Release|x64
	EndGlobalSection
	GlobalSection(ProjectConfigurationPlatforms) = postSolution
		{EC0D20C2-00E0-4C17-A0B3-F2253AFAF2E9}.Debug|x64.ActiveCfg = Debug|x64
		{EC0D20C2-00E0-4C17-A0B3-F2253AFAF2E9}.Debug|x64.Build.0 = Debug|x64
		{EC0D20C2-00E0-4C17-A0B3-F2253AFAF2E9}.Release|x64.ActiveCfg = Release|x64
		{EC0D20C2-00E0-4C17-A0B3-F2253AFAF2E9}.Release|x64.Build.0 = Release|x64
		{034E1E61-A5C4-44B7-A1F9-1FB4461D8E64}.Debug|x64.ActiveCfg = Debug|x64
		{034E1E61-A5C4-44B7-A1F9-1FB4461D8E64}.Debug|x64.Build.0 = Debug|x64
		{034E1E61-A5C4-44B7-A1F9-1FB4461D8E64}.Release|x64.ActiveCfg = Release|x64
		{034E1E61-A5C4-44B7-A1F9-1FB4461D8E64}.Release|x64.Build.0 = Release|x64
	EndGlobalSection
	GlobalSection(SolutionProperties) = preSolution
		HideSolutionNode = FALSE
	EndGlobalSection
	GlobalSection(ExtensibilityGlobals) = postSolution
		SolutionGuid = {C71A6FCD-EE7E-49F8-9776-9443F52050AD}
	EndGlobalSection
EndGlobal
